
Microsoft Visual Studio Solution File, Format Version 12.00
# Visual Studio Version 17
VisualStudioVersion = 17.0.31903.59
MinimumVisualStudioVersion = 10.0.40219.1
Project("{2150E333-8FDC-42A3-9474-1A3956D46DE8}") = "src", "src", "{3EA6BD19-E0D5-4477-9FEB-E2219455FC68}"
	ProjectSection(SolutionItems) = preProject
		src\LearnMS.React\src\lib\downloadFile.tsx = src\LearnMS.React\src\lib\downloadFile.tsx
		src\LearnMS.React\src\lib\utils.ts = src\LearnMS.React\src\lib\utils.ts
		src\LearnMS.React\src\lib\api.d.ts = src\LearnMS.React\src\lib\api.d.ts
		src\LearnMS.React\src\lib\axiosCustomInstant.ts = src\LearnMS.React\src\lib\axiosCustomInstant.ts
		src\LearnMS.React\src\main.tsx = src\LearnMS.React\src\main.tsx
		src\LearnMS.React\src\obj\LearnMS.API.EntityFrameworkCore.targets = src\LearnMS.React\src\obj\LearnMS.API.EntityFrameworkCore.targets
		src\LearnMS.React\src\api\courses-api.ts = src\LearnMS.React\src\api\courses-api.ts
		src\LearnMS.React\src\api\assistants-api.ts = src\LearnMS.React\src\api\assistants-api.ts
		src\LearnMS.React\src\api\lessons-api.ts = src\LearnMS.React\src\api\lessons-api.ts
		src\LearnMS.React\src\api\questions-api.ts = src\LearnMS.React\src\api\questions-api.ts
		src\LearnMS.React\src\api\lectures-api.ts = src\LearnMS.React\src\api\lectures-api.ts
		src\LearnMS.React\src\api\students-api.ts = src\LearnMS.React\src\api\students-api.ts
		src\LearnMS.React\src\api\quizzes-api.ts = src\LearnMS.React\src\api\quizzes-api.ts
		src\LearnMS.React\src\api\profile-api.ts = src\LearnMS.React\src\api\profile-api.ts
		src\LearnMS.React\src\api\auth-api.ts = src\LearnMS.React\src\api\auth-api.ts
		src\LearnMS.React\src\api\index.ts = src\LearnMS.React\src\api\index.ts
		src\LearnMS.React\src\api\assets-api.ts = src\LearnMS.React\src\api\assets-api.ts
		src\LearnMS.React\src\api\exams-api.ts = src\LearnMS.React\src\api\exams-api.ts
		src\LearnMS.React\src\api\credits-api.ts = src\LearnMS.React\src\api\credits-api.ts
		src\LearnMS.React\src\vite-env.d.ts = src\LearnMS.React\src\vite-env.d.ts
		src\LearnMS.React\src\index.css = src\LearnMS.React\src\index.css
		src\LearnMS.React\src\assets\react.svg = src\LearnMS.React\src\assets\react.svg
		src\LearnMS.React\src\types\assets.ts = src\LearnMS.React\src\types\assets.ts
		src\LearnMS.React\src\types\question.ts = src\LearnMS.React\src\types\question.ts
		src\LearnMS.React\src\types\lessons.ts = src\LearnMS.React\src\types\lessons.ts
		src\LearnMS.React\src\types\enrollment.ts = src\LearnMS.React\src\types\enrollment.ts
		src\LearnMS.React\src\types\credit-code.ts = src\LearnMS.React\src\types\credit-code.ts
		src\LearnMS.React\src\types\courses.ts = src\LearnMS.React\src\types\courses.ts
		src\LearnMS.React\src\types\page-list.tsx = src\LearnMS.React\src\types\page-list.tsx
		src\LearnMS.React\src\types\students.ts = src\LearnMS.React\src\types\students.ts
		src\LearnMS.React\src\types\quiz.ts = src\LearnMS.React\src\types\quiz.ts
		src\LearnMS.React\src\types\assistants.ts = src\LearnMS.React\src\types\assistants.ts
		src\LearnMS.React\src\types\lectures.ts = src\LearnMS.React\src\types\lectures.ts
		src\LearnMS.React\src\components\theme-provider.tsx = src\LearnMS.React\src\components\theme-provider.tsx
		src\LearnMS.React\src\components\footer.tsx = src\LearnMS.React\src\components\footer.tsx
		src\LearnMS.React\src\components\student-layout.tsx = src\LearnMS.React\src\components\student-layout.tsx
		src\LearnMS.React\src\components\editable-input.tsx = src\LearnMS.React\src\components\editable-input.tsx
		src\LearnMS.React\src\components\data-table.tsx = src\LearnMS.React\src\components\data-table.tsx
		src\LearnMS.React\src\components\confirmation.tsx = src\LearnMS.React\src\components\confirmation.tsx
		src\LearnMS.React\src\components\dashboard-layout.tsx = src\LearnMS.React\src\components\dashboard-layout.tsx
		src\LearnMS.React\src\components\modals\modal-provider.tsx = src\LearnMS.React\src\components\modals\modal-provider.tsx
		src\LearnMS.React\src\components\modals\error-modal.tsx = src\LearnMS.React\src\components\modals\error-modal.tsx
		src\LearnMS.React\src\components\nav-bar.tsx = src\LearnMS.React\src\components\nav-bar.tsx
		src\LearnMS.React\src\components\mode-toggle.tsx = src\LearnMS.React\src\components\mode-toggle.tsx
		src\LearnMS.React\src\components\editable-textarea.tsx = src\LearnMS.React\src\components\editable-textarea.tsx
		src\LearnMS.React\src\components\fallback-on-error.tsx = src\LearnMS.React\src\components\fallback-on-error.tsx
		src\LearnMS.React\src\components\data-table-components.tsx = src\LearnMS.React\src\components\data-table-components.tsx
		src\LearnMS.React\src\components\require-auth.tsx = src\LearnMS.React\src\components\require-auth.tsx
		src\LearnMS.React\src\components\dashboard-side-bar.tsx = src\LearnMS.React\src\components\dashboard-side-bar.tsx
		src\LearnMS.React\src\components\cover-picker.tsx = src\LearnMS.React\src\components\cover-picker.tsx
		src\LearnMS.React\src\components\loading\loading.scss = src\LearnMS.React\src\components\loading\loading.scss
		src\LearnMS.React\src\components\loading\loading.tsx = src\LearnMS.React\src\components\loading\loading.tsx
		src\LearnMS.React\src\components\ui\popover.tsx = src\LearnMS.React\src\components\ui\popover.tsx
		src\LearnMS.React\src\components\ui\checkbox.tsx = src\LearnMS.React\src\components\ui\checkbox.tsx
		src\LearnMS.React\src\components\ui\toaster.tsx = src\LearnMS.React\src\components\ui\toaster.tsx
		src\LearnMS.React\src\components\ui\label.tsx = src\LearnMS.React\src\components\ui\label.tsx
		src\LearnMS.React\src\components\ui\separator.tsx = src\LearnMS.React\src\components\ui\separator.tsx
		src\LearnMS.React\src\components\ui\accordion.tsx = src\LearnMS.React\src\components\ui\accordion.tsx
		src\LearnMS.React\src\components\ui\button.tsx = src\LearnMS.React\src\components\ui\button.tsx
		src\LearnMS.React\src\components\ui\select.tsx = src\LearnMS.React\src\components\ui\select.tsx
		src\LearnMS.React\src\components\ui\dropdown-menu.tsx = src\LearnMS.React\src\components\ui\dropdown-menu.tsx
		src\LearnMS.React\src\components\ui\progress.tsx = src\LearnMS.React\src\components\ui\progress.tsx
		src\LearnMS.React\src\components\ui\sheet.tsx = src\LearnMS.React\src\components\ui\sheet.tsx
		src\LearnMS.React\src\components\ui\avatar.tsx = src\LearnMS.React\src\components\ui\avatar.tsx
		src\LearnMS.React\src\components\ui\switch.tsx = src\LearnMS.React\src\components\ui\switch.tsx
		src\LearnMS.React\src\components\ui\menubar.tsx = src\LearnMS.React\src\components\ui\menubar.tsx
		src\LearnMS.React\src\components\ui\use-toast.ts = src\LearnMS.React\src\components\ui\use-toast.ts
		src\LearnMS.React\src\components\ui\form.tsx = src\LearnMS.React\src\components\ui\form.tsx
		src\LearnMS.React\src\components\ui\tabs.tsx = src\LearnMS.React\src\components\ui\tabs.tsx
		src\LearnMS.React\src\components\ui\hover-card.tsx = src\LearnMS.React\src\components\ui\hover-card.tsx
		src\LearnMS.React\src\components\ui\dialog.tsx = src\LearnMS.React\src\components\ui\dialog.tsx
		src\LearnMS.React\src\components\ui\scroll-area.tsx = src\LearnMS.React\src\components\ui\scroll-area.tsx
		src\LearnMS.React\src\components\ui\input.tsx = src\LearnMS.React\src\components\ui\input.tsx
		src\LearnMS.React\src\components\ui\command.tsx = src\LearnMS.React\src\components\ui\command.tsx
		src\LearnMS.React\src\components\ui\radio-group.tsx = src\LearnMS.React\src\components\ui\radio-group.tsx
		src\LearnMS.React\src\components\ui\card.tsx = src\LearnMS.React\src\components\ui\card.tsx
		src\LearnMS.React\src\components\ui\toggle.tsx = src\LearnMS.React\src\components\ui\toggle.tsx
		src\LearnMS.React\src\components\ui\textarea.tsx = src\LearnMS.React\src\components\ui\textarea.tsx
		src\LearnMS.React\src\components\ui\badge.tsx = src\LearnMS.React\src\components\ui\badge.tsx
		src\LearnMS.React\src\components\ui\table.tsx = src\LearnMS.React\src\components\ui\table.tsx
		src\LearnMS.React\src\components\ui\sonner.tsx = src\LearnMS.React\src\components\ui\sonner.tsx
		src\LearnMS.React\src\components\ui\toast.tsx = src\LearnMS.React\src\components\ui\toast.tsx
		src\LearnMS.React\src\components\ui\alert-dialog.tsx = src\LearnMS.React\src\components\ui\alert-dialog.tsx
		src\LearnMS.React\src\components\course-card.tsx = src\LearnMS.React\src\components\course-card.tsx
		src\LearnMS.React\src\generated\model\getProfileResponseSuccess.ts = src\LearnMS.React\src\generated\model\getProfileResponseSuccess.ts
		src\LearnMS.React\src\generated\model\loginExternalCommand.ts = src\LearnMS.React\src\generated\model\loginExternalCommand.ts
		src\LearnMS.React\src\generated\model\addStudentCreditRequest.ts = src\LearnMS.React\src\generated\model\addStudentCreditRequest.ts
		src\LearnMS.React\src\generated\model\examResultWithAnswer.ts = src\LearnMS.React\src\generated\model\examResultWithAnswer.ts
		src\LearnMS.React\src\generated\model\getAssistantsResponse.ts = src\LearnMS.React\src\generated\model\getAssistantsResponse.ts
		src\LearnMS.React\src\generated\model\getApiCreditCodesParams.ts = src\LearnMS.React\src\generated\model\getApiCreditCodesParams.ts
		src\LearnMS.React\src\generated\model\lecture.ts = src\LearnMS.React\src\generated\model\lecture.ts
		src\LearnMS.React\src\generated\model\courseExam.ts = src\LearnMS.React\src\generated\model\courseExam.ts
		src\LearnMS.React\src\generated\model\quizSubmissionQuestionSubmissionsJson.ts = src\LearnMS.React\src\generated\model\quizSubmissionQuestionSubmissionsJson.ts
		src\LearnMS.React\src\generated\model\getPermissionsResponseSuccess.ts = src\LearnMS.React\src\generated\model\getPermissionsResponseSuccess.ts
		src\LearnMS.React\src\generated\model\singleCreditCodeItemPageListSuccess.ts = src\LearnMS.React\src\generated\model\singleCreditCodeItemPageListSuccess.ts
		src\LearnMS.React\src\generated\model\courseExamType.ts = src\LearnMS.React\src\generated\model\courseExamType.ts
		src\LearnMS.React\src\generated\model\questionSubmission.ts = src\LearnMS.React\src\generated\model\questionSubmission.ts
		src\LearnMS.React\src\generated\model\redeemCreditCodeResponseSuccess.ts = src\LearnMS.React\src\generated\model\redeemCreditCodeResponseSuccess.ts
		src\LearnMS.React\src\generated\model\updateExamResponse.ts = src\LearnMS.React\src\generated\model\updateExamResponse.ts
		src\LearnMS.React\src\generated\model\creditCodeSeller.ts = src\LearnMS.React\src\generated\model\creditCodeSeller.ts
		src\LearnMS.React\src\generated\model\quizDashboard.ts = src\LearnMS.React\src\generated\model\quizDashboard.ts
		src\LearnMS.React\src\generated\model\singleStudentEvent.ts = src\LearnMS.React\src\generated\model\singleStudentEvent.ts
		src\LearnMS.React\src\generated\model\quizSubmissionQuestionSubmissionsItem.ts = src\LearnMS.React\src\generated\model\quizSubmissionQuestionSubmissionsItem.ts
		src\LearnMS.React\src\generated\model\questionBodyProperty.ts = src\LearnMS.React\src\generated\model\questionBodyProperty.ts
		src\LearnMS.React\src\generated\model\updateExamResponseSuccess.ts = src\LearnMS.React\src\generated\model\updateExamResponseSuccess.ts
		src\LearnMS.React\src\generated\model\assetPageListSuccess.ts = src\LearnMS.React\src\generated\model\assetPageListSuccess.ts
		src\LearnMS.React\src\generated\model\quizResultOnlyType.ts = src\LearnMS.React\src\generated\model\quizResultOnlyType.ts
		src\LearnMS.React\src\generated\model\resetPasswordRequest.ts = src\LearnMS.React\src\generated\model\resetPasswordRequest.ts
		src\LearnMS.React\src\generated\model\sellCreditCodesResponse.ts = src\LearnMS.React\src\generated\model\sellCreditCodesResponse.ts
		src\LearnMS.React\src\generated\model\examHidden.ts = src\LearnMS.React\src\generated\model\examHidden.ts
		src\LearnMS.React\src\generated\model\registerStudentExternalCommand.ts = src\LearnMS.React\src\generated\model\registerStudentExternalCommand.ts
		src\LearnMS.React\src\generated\model\forgotPasswordRequest.ts = src\LearnMS.React\src\generated\model\forgotPasswordRequest.ts
		src\LearnMS.React\src\generated\model\lectureAttendance.ts = src\LearnMS.React\src\generated\model\lectureAttendance.ts
		src\LearnMS.React\src\generated\model\question.ts = src\LearnMS.React\src\generated\model\question.ts
		src\LearnMS.React\src\generated\model\examResultSuccessData.ts = src\LearnMS.React\src\generated\model\examResultSuccessData.ts
		src\LearnMS.React\src\generated\model\examHiddenType.ts = src\LearnMS.React\src\generated\model\examHiddenType.ts
		src\LearnMS.React\src\generated\model\sellCreditCodesRequest.ts = src\LearnMS.React\src\generated\model\sellCreditCodesRequest.ts
		src\LearnMS.React\src\generated\model\objectSuccessData.ts = src\LearnMS.React\src\generated\model\objectSuccessData.ts
		src\LearnMS.React\src\generated\model\getCourseResultSuccessData.ts = src\LearnMS.React\src\generated\model\getCourseResultSuccessData.ts
		src\LearnMS.React\src\generated\model\enrollment.ts = src\LearnMS.React\src\generated\model\enrollment.ts
		src\LearnMS.React\src\generated\model\singleStudentCourseItem.ts = src\LearnMS.React\src\generated\model\singleStudentCourseItem.ts
		src\LearnMS.React\src\generated\model\singleLectureStudent.ts = src\LearnMS.React\src\generated\model\singleLectureStudent.ts
		src\LearnMS.React\src\generated\model\updateCourseRequest.ts = src\LearnMS.React\src\generated\model\updateCourseRequest.ts
		src\LearnMS.React\src\generated\model\createCourseCommand.ts = src\LearnMS.React\src\generated\model\createCourseCommand.ts
		src\LearnMS.React\src\generated\model\student.ts = src\LearnMS.React\src\generated\model\student.ts
		src\LearnMS.React\src\generated\model\courseLectureType.ts = src\LearnMS.React\src\generated\model\courseLectureType.ts
		src\LearnMS.React\src\generated\model\updateLectureRequest.ts = src\LearnMS.React\src\generated\model\updateLectureRequest.ts
		src\LearnMS.React\src\generated\model\userRole.ts = src\LearnMS.React\src\generated\model\userRole.ts
		src\LearnMS.React\src\generated\model\examState.ts = src\LearnMS.React\src\generated\model\examState.ts
		src\LearnMS.React\src\generated\model\createTeacherRequest.ts = src\LearnMS.React\src\generated\model\createTeacherRequest.ts
		src\LearnMS.React\src\generated\model\valueToleranceWithCorrectAnswer.ts = src\LearnMS.React\src\generated\model\valueToleranceWithCorrectAnswer.ts
		src\LearnMS.React\src\generated\model\quizDashboardType.ts = src\LearnMS.React\src\generated\model\quizDashboardType.ts
		src\LearnMS.React\src\generated\model\examResultOnlyType.ts = src\LearnMS.React\src\generated\model\examResultOnlyType.ts
		src\LearnMS.React\src\generated\model\singleStudentPageList.ts = src\LearnMS.React\src\generated\model\singleStudentPageList.ts
		src\LearnMS.React\src\generated\model\getStudentCoursesResponseSuccess.ts = src\LearnMS.React\src\generated\model\getStudentCoursesResponseSuccess.ts
		src\LearnMS.React\src\generated\model\multipleChoiceWithCorrectAnswer.ts = src\LearnMS.React\src\generated\model\multipleChoiceWithCorrectAnswer.ts
		src\LearnMS.React\src\generated\model\lesson.ts = src\LearnMS.React\src\generated\model\lesson.ts
		src\LearnMS.React\src\generated\model\quizResultOnly.ts = src\LearnMS.React\src\generated\model\quizResultOnly.ts
		src\LearnMS.React\src\generated\model\getLectureDashboardResultType.ts = src\LearnMS.React\src\generated\model\getLectureDashboardResultType.ts
		src\LearnMS.React\src\generated\model\submitQuizRequest.ts = src\LearnMS.React\src\generated\model\submitQuizRequest.ts
		src\LearnMS.React\src\generated\model\singleCourseItem.ts = src\LearnMS.React\src\generated\model\singleCourseItem.ts
		src\LearnMS.React\src\generated\model\loginResult.ts = src\LearnMS.React\src\generated\model\loginResult.ts
		src\LearnMS.React\src\generated\model\stringApiResponse.ts = src\LearnMS.React\src\generated\model\stringApiResponse.ts
		src\LearnMS.React\src\generated\model\multipleChoiceQuestion.ts = src\LearnMS.React\src\generated\model\multipleChoiceQuestion.ts
		src\LearnMS.React\src\generated\model\creditCodeStatus.ts = src\LearnMS.React\src\generated\model\creditCodeStatus.ts
		src\LearnMS.React\src\generated\model\studentEvent.ts = src\LearnMS.React\src\generated\model\studentEvent.ts
		src\LearnMS.React\src\generated\model\questionPageListSuccess.ts = src\LearnMS.React\src\generated\model\questionPageListSuccess.ts
		src\LearnMS.React\src\generated\model\quizHidden.ts = src\LearnMS.React\src\generated\model\quizHidden.ts
		src\LearnMS.React\src\generated\model\getProfileResultSuccessData.ts = src\LearnMS.React\src\generated\model\getProfileResultSuccessData.ts
		src\LearnMS.React\src\generated\model\user.ts = src\LearnMS.React\src\generated\model\user.ts
		src\LearnMS.React\src\generated\model\lectureEnrollment.ts = src\LearnMS.React\src\generated\model\lectureEnrollment.ts
		src\LearnMS.React\src\generated\model\examEnrollmentType.ts = src\LearnMS.React\src\generated\model\examEnrollmentType.ts
		src\LearnMS.React\src\generated\model\quizResultWithAnswerType.ts = src\LearnMS.React\src\generated\model\quizResultWithAnswerType.ts
		src\LearnMS.React\src\generated\model\multipleChoiceWithStudentAnswer.ts = src\LearnMS.React\src\generated\model\multipleChoiceWithStudentAnswer.ts
		src\LearnMS.React\src\generated\model\assetPageList.ts = src\LearnMS.React\src\generated\model\assetPageList.ts
		src\LearnMS.React\src\generated\model\updateQuizRequest.ts = src\LearnMS.React\src\generated\model\updateQuizRequest.ts
		src\LearnMS.React\src\generated\model\quizResultSuccess.ts = src\LearnMS.React\src\generated\model\quizResultSuccess.ts
		src\LearnMS.React\src\generated\model\getAssistantsResponseSuccess.ts = src\LearnMS.React\src\generated\model\getAssistantsResponseSuccess.ts
		src\LearnMS.React\src\generated\model\updateStudentProfileRequest.ts = src\LearnMS.React\src\generated\model\updateStudentProfileRequest.ts
		src\LearnMS.React\src\generated\model\updateLessonRequest.ts = src\LearnMS.React\src\generated\model\updateLessonRequest.ts
		src\LearnMS.React\src\generated\model\getProfileResponse.ts = src\LearnMS.React\src\generated\model\getProfileResponse.ts
		src\LearnMS.React\src\generated\model\courseLecture.ts = src\LearnMS.React\src\generated\model\courseLecture.ts
		src\LearnMS.React\src\generated\model\jsonValueKind.ts = src\LearnMS.React\src\generated\model\jsonValueKind.ts
		src\LearnMS.React\src\generated\model\singleStudentExam.ts = src\LearnMS.React\src\generated\model\singleStudentExam.ts
		src\LearnMS.React\src\generated\model\getLectureStudentsParams.ts = src\LearnMS.React\src\generated\model\getLectureStudentsParams.ts
		src\LearnMS.React\src\generated\model\quizNotAnswered.ts = src\LearnMS.React\src\generated\model\quizNotAnswered.ts
		src\LearnMS.React\src\generated\model\valueToleranceQuestion.ts = src\LearnMS.React\src\generated\model\valueToleranceQuestion.ts
		src\LearnMS.React\src\generated\model\getStudentLectureResultType.ts = src\LearnMS.React\src\generated\model\getStudentLectureResultType.ts
		src\LearnMS.React\src\generated\model\quizResultWithAnswer.ts = src\LearnMS.React\src\generated\model\quizResultWithAnswer.ts
		src\LearnMS.React\src\generated\model\studentEventPageListSuccess.ts = src\LearnMS.React\src\generated\model\studentEventPageListSuccess.ts
		src\LearnMS.React\src\generated\model\valueToleranceSubmission.ts = src\LearnMS.React\src\generated\model\valueToleranceSubmission.ts
		src\LearnMS.React\src\generated\model\validateLessonVideoStatusResponseSuccess.ts = src\LearnMS.React\src\generated\model\validateLessonVideoStatusResponseSuccess.ts
		src\LearnMS.React\src\generated\model\getStudentLessonResponse.ts = src\LearnMS.React\src\generated\model\getStudentLessonResponse.ts
		src\LearnMS.React\src\generated\model\getCourseStudentResult.ts = src\LearnMS.React\src\generated\model\getCourseStudentResult.ts
		src\LearnMS.React\src\generated\model\teacherType.ts = src\LearnMS.React\src\generated\model\teacherType.ts
		src\LearnMS.React\src\generated\model\singleStudentLecturePageList.ts = src\LearnMS.React\src\generated\model\singleStudentLecturePageList.ts
		src\LearnMS.React\src\generated\model\creditCodeGenerator.ts = src\LearnMS.React\src\generated\model\creditCodeGenerator.ts
		src\LearnMS.React\src\generated\model\getCourseStudentResultType.ts = src\LearnMS.React\src\generated\model\getCourseStudentResultType.ts
		src\LearnMS.React\src\generated\model\getCourseResultSuccess.ts = src\LearnMS.React\src\generated\model\getCourseResultSuccess.ts
		src\LearnMS.React\src\generated\model\course.ts = src\LearnMS.React\src\generated\model\course.ts
		src\LearnMS.React\src\generated\model\valueToleranceWithStudentAnswer.ts = src\LearnMS.React\src\generated\model\valueToleranceWithStudentAnswer.ts
		src\LearnMS.React\src\generated\model\singleStudent.ts = src\LearnMS.React\src\generated\model\singleStudent.ts
		src\LearnMS.React\src\generated\model\assetType.ts = src\LearnMS.React\src\generated\model\assetType.ts
		src\LearnMS.React\src\generated\model\videoOTP.ts = src\LearnMS.React\src\generated\model\videoOTP.ts
		src\LearnMS.React\src\generated\model\valueToleranceSubmissionType.ts = src\LearnMS.React\src\generated\model\valueToleranceSubmissionType.ts
		src\LearnMS.React\src\generated\model\loginResultSuccess.ts = src\LearnMS.React\src\generated\model\loginResultSuccess.ts
		src\LearnMS.React\src\generated\model\singleLectureStudentPageListSuccess.ts = src\LearnMS.React\src\generated\model\singleLectureStudentPageListSuccess.ts
		src\LearnMS.React\src\generated\model\registerResult.ts = src\LearnMS.React\src\generated\model\registerResult.ts
		src\LearnMS.React\src\generated\model\sellCreditCodesResponseSuccess.ts = src\LearnMS.React\src\generated\model\sellCreditCodesResponseSuccess.ts
		src\LearnMS.React\src\generated\model\singleStudentEventPageListSuccess.ts = src\LearnMS.React\src\generated\model\singleStudentEventPageListSuccess.ts
		src\LearnMS.React\src\generated\model\lectureHomework.ts = src\LearnMS.React\src\generated\model\lectureHomework.ts
		src\LearnMS.React\src\generated\model\getLectureResultSuccess.ts = src\LearnMS.React\src\generated\model\getLectureResultSuccess.ts
		src\LearnMS.React\src\generated\model\singleAssistantIncome.ts = src\LearnMS.React\src\generated\model\singleAssistantIncome.ts
		src\LearnMS.React\src\generated\model\singleStudentExamPageListSuccess.ts = src\LearnMS.React\src\generated\model\singleStudentExamPageListSuccess.ts
		src\LearnMS.React\src\generated\model\getProfileResultSuccess.ts = src\LearnMS.React\src\generated\model\getProfileResultSuccess.ts
		src\LearnMS.React\src\generated\model\createCourseResponseSuccess.ts = src\LearnMS.React\src\generated\model\createCourseResponseSuccess.ts
		src\LearnMS.React\src\generated\model\getStudentCourseResponseSuccess.ts = src\LearnMS.React\src\generated\model\getStudentCourseResponseSuccess.ts
		src\LearnMS.React\src\generated\model\exportCreditCodesParams.ts = src\LearnMS.React\src\generated\model\exportCreditCodesParams.ts
		src\LearnMS.React\src\generated\model\examDashboard.ts = src\LearnMS.React\src\generated\model\examDashboard.ts
		src\LearnMS.React\src\generated\model\getStudentResponseSuccess.ts = src\LearnMS.React\src\generated\model\getStudentResponseSuccess.ts
		src\LearnMS.React\src\generated\model\quizResult.ts = src\LearnMS.React\src\generated\model\quizResult.ts
		src\LearnMS.React\src\generated\model\examQuestion.ts = src\LearnMS.React\src\generated\model\examQuestion.ts
		src\LearnMS.React\src\generated\model\assistant.ts = src\LearnMS.React\src\generated\model\assistant.ts
		src\LearnMS.React\src\generated\model\getStudentExamsParams.ts = src\LearnMS.React\src\generated\model\getStudentExamsParams.ts
		src\LearnMS.React\src\generated\model\validateLessonVideoStatusResult.ts = src\LearnMS.React\src\generated\model\validateLessonVideoStatusResult.ts
		src\LearnMS.React\src\generated\model\getApiAssetsParams.ts = src\LearnMS.React\src\generated\model\getApiAssetsParams.ts
		src\LearnMS.React\src\generated\model\singleLectureStudentPageList.ts = src\LearnMS.React\src\generated\model\singleLectureStudentPageList.ts
		src\LearnMS.React\src\generated\model\changeLectureHomeworkScoreRequest.ts = src\LearnMS.React\src\generated\model\changeLectureHomeworkScoreRequest.ts
		src\LearnMS.React\src\generated\model\stringApiResponseSuccess.ts = src\LearnMS.React\src\generated\model\stringApiResponseSuccess.ts
		src\LearnMS.React\src\generated\model\lectureAsset.ts = src\LearnMS.React\src\generated\model\lectureAsset.ts
		src\LearnMS.React\src\generated\model\getPermissionsResponse.ts = src\LearnMS.React\src\generated\model\getPermissionsResponse.ts
		src\LearnMS.React\src\generated\model\quizNotAnsweredType.ts = src\LearnMS.React\src\generated\model\quizNotAnsweredType.ts
		src\LearnMS.React\src\generated\model\quiz.ts = src\LearnMS.React\src\generated\model\quiz.ts
		src\LearnMS.React\src\generated\model\createLectureRequest.ts = src\LearnMS.React\src\generated\model\createLectureRequest.ts
		src\LearnMS.React\src\generated\model\lessonVideoStatus.ts = src\LearnMS.React\src\generated\model\lessonVideoStatus.ts
		src\LearnMS.React\src\generated\model\objectSuccess.ts = src\LearnMS.React\src\generated\model\objectSuccess.ts
		src\LearnMS.React\src\generated\model\incomeType.ts = src\LearnMS.React\src\generated\model\incomeType.ts
		src\LearnMS.React\src\generated\model\singleStudentPageListSuccess.ts = src\LearnMS.React\src\generated\model\singleStudentPageListSuccess.ts
		src\LearnMS.React\src\generated\model\index.ts = src\LearnMS.React\src\generated\model\index.ts
		src\LearnMS.React\src\generated\model\updateQuizResponseSuccess.ts = src\LearnMS.React\src\generated\model\updateQuizResponseSuccess.ts
		src\LearnMS.React\src\generated\model\examNotBoughtType.ts = src\LearnMS.React\src\generated\model\examNotBoughtType.ts
		src\LearnMS.React\src\generated\model\singleExamStudentPageListSuccess.ts = src\LearnMS.React\src\generated\model\singleExamStudentPageListSuccess.ts
		src\LearnMS.React\src\generated\model\jsonElement.ts = src\LearnMS.React\src\generated\model\jsonElement.ts
		src\LearnMS.React\src\generated\model\getAssistantIncomeResponse.ts = src\LearnMS.React\src\generated\model\getAssistantIncomeResponse.ts
		src\LearnMS.React\src\generated\model\permission.ts = src\LearnMS.React\src\generated\model\permission.ts
		src\LearnMS.React\src\generated\model\examResultSuccess.ts = src\LearnMS.React\src\generated\model\examResultSuccess.ts
		src\LearnMS.React\src\generated\model\examSubmissionQuestionSubmissionsItem.ts = src\LearnMS.React\src\generated\model\examSubmissionQuestionSubmissionsItem.ts
		src\LearnMS.React\src\generated\model\redeemCreditCodeParams.ts = src\LearnMS.React\src\generated\model\redeemCreditCodeParams.ts
		src\LearnMS.React\src\generated\model\getExamStudentsParams.ts = src\LearnMS.React\src\generated\model\getExamStudentsParams.ts
		src\LearnMS.React\src\generated\model\studentEventPageList.ts = src\LearnMS.React\src\generated\model\studentEventPageList.ts
		src\LearnMS.React\src\generated\model\singleCourseItemType.ts = src\LearnMS.React\src\generated\model\singleCourseItemType.ts
		src\LearnMS.React\src\generated\model\singleStudentCourse.ts = src\LearnMS.React\src\generated\model\singleStudentCourse.ts
		src\LearnMS.React\src\generated\model\providerType.ts = src\LearnMS.React\src\generated\model\providerType.ts
		src\LearnMS.React\src\generated\model\valueToleranceNotAnswered.ts = src\LearnMS.React\src\generated\model\valueToleranceNotAnswered.ts
		src\LearnMS.React\src\generated\model\redeemCreditCodeResponse.ts = src\LearnMS.React\src\generated\model\redeemCreditCodeResponse.ts
		src\LearnMS.React\src\generated\model\getStudentProfileResult.ts = src\LearnMS.React\src\generated\model\getStudentProfileResult.ts
		src\LearnMS.React\src\generated\model\singleStudentLecturePageListSuccess.ts = src\LearnMS.React\src\generated\model\singleStudentLecturePageListSuccess.ts
		src\LearnMS.React\src\generated\model\getApiAuthVerifyEmailParams.ts = src\LearnMS.React\src\generated\model\getApiAuthVerifyEmailParams.ts
		src\LearnMS.React\src\generated\model\validateLessonVideoStatusResultType.ts = src\LearnMS.React\src\generated\model\validateLessonVideoStatusResultType.ts
		src\LearnMS.React\src\generated\model\singleStudentLecture.ts = src\LearnMS.React\src\generated\model\singleStudentLecture.ts
		src\LearnMS.React\src\generated\model\registerStudentRequest.ts = src\LearnMS.React\src\generated\model\registerStudentRequest.ts
		src\LearnMS.React\src\generated\model\getLectureResultSuccessData.ts = src\LearnMS.React\src\generated\model\getLectureResultSuccessData.ts
		src\LearnMS.React\src\generated\model\postApiQuestionsBody.ts = src\LearnMS.React\src\generated\model\postApiQuestionsBody.ts
		src\LearnMS.React\src\generated\model\getTeacherProfileResultType.ts = src\LearnMS.React\src\generated\model\getTeacherProfileResultType.ts
		src\LearnMS.React\src\generated\model\assistantType.ts = src\LearnMS.React\src\generated\model\assistantType.ts
		src\LearnMS.React\src\generated\model\teacher.ts = src\LearnMS.React\src\generated\model\teacher.ts
		src\LearnMS.React\src\generated\model\asset.ts = src\LearnMS.React\src\generated\model\asset.ts
		src\LearnMS.React\src\generated\model\getStudentLectureResponseSuccess.ts = src\LearnMS.React\src\generated\model\getStudentLectureResponseSuccess.ts
		src\LearnMS.React\src\generated\model\valueToleranceQuestionType.ts = src\LearnMS.React\src\generated\model\valueToleranceQuestionType.ts
		src\LearnMS.React\src\generated\model\courseEnrollment.ts = src\LearnMS.React\src\generated\model\courseEnrollment.ts
		src\LearnMS.React\src\generated\model\examSubmissionQuestionSubmissionsJson.ts = src\LearnMS.React\src\generated\model\examSubmissionQuestionSubmissionsJson.ts
		src\LearnMS.React\src\generated\model\updateLectureBody.ts = src\LearnMS.React\src\generated\model\updateLectureBody.ts
		src\LearnMS.React\src\generated\model\creditCodeRedeemer.ts = src\LearnMS.React\src\generated\model\creditCodeRedeemer.ts
		src\LearnMS.React\src\generated\model\courseItem.ts = src\LearnMS.React\src\generated\model\courseItem.ts
		src\LearnMS.React\src\generated\model\getTeacherProfileResult.ts = src\LearnMS.React\src\generated\model\getTeacherProfileResult.ts
		src\LearnMS.React\src\generated\model\loginRequest.ts = src\LearnMS.React\src\generated\model\loginRequest.ts
		src\LearnMS.React\src\generated\model\putApiCreditCodesRedeemParams.ts = src\LearnMS.React\src\generated\model\putApiCreditCodesRedeemParams.ts
		src\LearnMS.React\src\generated\model\examNotBought.ts = src\LearnMS.React\src\generated\model\examNotBought.ts
		src\LearnMS.React\src\generated\model\studentType.ts = src\LearnMS.React\src\generated\model\studentType.ts
		src\LearnMS.React\src\generated\model\updateExamRequest.ts = src\LearnMS.React\src\generated\model\updateExamRequest.ts
		src\LearnMS.React\src\generated\model\getApiStudentsParams.ts = src\LearnMS.React\src\generated\model\getApiStudentsParams.ts
		src\LearnMS.React\src\generated\model\singleLectureItem.ts = src\LearnMS.React\src\generated\model\singleLectureItem.ts
		src\LearnMS.React\src\generated\model\account.ts = src\LearnMS.React\src\generated\model\account.ts
		src\LearnMS.React\src\generated\model\getStudentLectureResult.ts = src\LearnMS.React\src\generated\model\getStudentLectureResult.ts
		src\LearnMS.React\src\generated\model\getStudentEventsParams.ts = src\LearnMS.React\src\generated\model\getStudentEventsParams.ts
		src\LearnMS.React\src\generated\model\getProfileResult.ts = src\LearnMS.React\src\generated\model\getProfileResult.ts
		src\LearnMS.React\src\generated\model\updateAssistantRequest.ts = src\LearnMS.React\src\generated\model\updateAssistantRequest.ts
		src\LearnMS.React\src\generated\model\getStudentLecturesParams.ts = src\LearnMS.React\src\generated\model\getStudentLecturesParams.ts
		src\LearnMS.React\src\generated\model\accountUser.ts = src\LearnMS.React\src\generated\model\accountUser.ts
		src\LearnMS.React\src\generated\model\validateLessonVideoStatusResponseType.ts = src\LearnMS.React\src\generated\model\validateLessonVideoStatusResponseType.ts
		src\LearnMS.React\src\generated\model\multipleChoiceNotAnswered.ts = src\LearnMS.React\src\generated\model\multipleChoiceNotAnswered.ts
		src\LearnMS.React\src\generated\model\singleAssistantIncomePageList.ts = src\LearnMS.React\src\generated\model\singleAssistantIncomePageList.ts
		src\LearnMS.React\src\generated\model\singleCreditCodeItemPageList.ts = src\LearnMS.React\src\generated\model\singleCreditCodeItemPageList.ts
		src\LearnMS.React\src\generated\model\postApiCoursesCourseIdLecturesLectureIdLessonsBody.ts = src\LearnMS.React\src\generated\model\postApiCoursesCourseIdLecturesLectureIdLessonsBody.ts
		src\LearnMS.React\src\generated\model\singleStudentCourseItemType.ts = src\LearnMS.React\src\generated\model\singleStudentCourseItemType.ts
		src\LearnMS.React\src\generated\model\getAssistantResponse.ts = src\LearnMS.React\src\generated\model\getAssistantResponse.ts
		src\LearnMS.React\src\generated\model\updateCourseBody.ts = src\LearnMS.React\src\generated\model\updateCourseBody.ts
		src\LearnMS.React\src\generated\model\updateStudentRequest.ts = src\LearnMS.React\src\generated\model\updateStudentRequest.ts
		src\LearnMS.React\src\generated\model\getCourseResult.ts = src\LearnMS.React\src\generated\model\getCourseResult.ts
		src\LearnMS.React\src\generated\model\examDashboardType.ts = src\LearnMS.React\src\generated\model\examDashboardType.ts
		src\LearnMS.React\src\generated\model\getApiQuestionsParams.ts = src\LearnMS.React\src\generated\model\getApiQuestionsParams.ts
		src\LearnMS.React\src\generated\model\quizQuestion.ts = src\LearnMS.React\src\generated\model\quizQuestion.ts
		src\LearnMS.React\src\generated\model\exportStudentsParams.ts = src\LearnMS.React\src\generated\model\exportStudentsParams.ts
		src\LearnMS.React\src\generated\model\singleStudentEventPageList.ts = src\LearnMS.React\src\generated\model\singleStudentEventPageList.ts
		src\LearnMS.React\src\generated\model\getAssistantResponseSuccess.ts = src\LearnMS.React\src\generated\model\getAssistantResponseSuccess.ts
		src\LearnMS.React\src\generated\model\exam.ts = src\LearnMS.React\src\generated\model\exam.ts
		src\LearnMS.React\src\generated\model\questionPageList.ts = src\LearnMS.React\src\generated\model\questionPageList.ts
		src\LearnMS.React\src\generated\model\singleAssistant.ts = src\LearnMS.React\src\generated\model\singleAssistant.ts
		src\LearnMS.React\src\generated\model\getLectureResult.ts = src\LearnMS.React\src\generated\model\getLectureResult.ts
		src\LearnMS.React\src\generated\model\getStudentCoursesResponse.ts = src\LearnMS.React\src\generated\model\getStudentCoursesResponse.ts
		src\LearnMS.React\src\generated\model\getStudentProfileResultType.ts = src\LearnMS.React\src\generated\model\getStudentProfileResultType.ts
		src\LearnMS.React\src\generated\model\examResult.ts = src\LearnMS.React\src\generated\model\examResult.ts
		src\LearnMS.React\src\generated\model\getCourseDashboardResultType.ts = src\LearnMS.React\src\generated\model\getCourseDashboardResultType.ts
		src\LearnMS.React\src\generated\model\multipleChoiceQuestionType.ts = src\LearnMS.React\src\generated\model\multipleChoiceQuestionType.ts
		src\LearnMS.React\src\generated\model\getStudentResponse.ts = src\LearnMS.React\src\generated\model\getStudentResponse.ts
		src\LearnMS.React\src\generated\model\getCourseDashboardResultItemsItem.ts = src\LearnMS.React\src\generated\model\getCourseDashboardResultItemsItem.ts
		src\LearnMS.React\src\generated\model\quizSubmission.ts = src\LearnMS.React\src\generated\model\quizSubmission.ts
		src\LearnMS.React\src\generated\model\questionAnswer.ts = src\LearnMS.React\src\generated\model\questionAnswer.ts
		src\LearnMS.React\src\generated\model\getAllStudentsParams.ts = src\LearnMS.React\src\generated\model\getAllStudentsParams.ts
		src\LearnMS.React\src\generated\model\registerResultSuccess.ts = src\LearnMS.React\src\generated\model\registerResultSuccess.ts
		src\LearnMS.React\src\generated\model\examResultWithAnswerType.ts = src\LearnMS.React\src\generated\model\examResultWithAnswerType.ts
		src\LearnMS.React\src\generated\model\getAssistantProfileResultType.ts = src\LearnMS.React\src\generated\model\getAssistantProfileResultType.ts
		src\LearnMS.React\src\generated\model\singleExamStudentPageList.ts = src\LearnMS.React\src\generated\model\singleExamStudentPageList.ts
		src\LearnMS.React\src\generated\model\examResultOnly.ts = src\LearnMS.React\src\generated\model\examResultOnly.ts
		src\LearnMS.React\src\generated\model\getApiAdministrationAssistantsAssistantIdIncomesParams.ts = src\LearnMS.React\src\generated\model\getApiAdministrationAssistantsAssistantIdIncomesParams.ts
		src\LearnMS.React\src\generated\model\questionBody.ts = src\LearnMS.React\src\generated\model\questionBody.ts
		src\LearnMS.React\src\generated\model\quizResultSuccessData.ts = src\LearnMS.React\src\generated\model\quizResultSuccessData.ts
		src\LearnMS.React\src\generated\model\getStudentCourseResponse.ts = src\LearnMS.React\src\generated\model\getStudentCourseResponse.ts
		src\LearnMS.React\src\generated\model\validateLessonVideoStatusResponse.ts = src\LearnMS.React\src\generated\model\validateLessonVideoStatusResponse.ts
		src\LearnMS.React\src\generated\model\getCourseDashboardResult.ts = src\LearnMS.React\src\generated\model\getCourseDashboardResult.ts
		src\LearnMS.React\src\generated\model\getLectureDashboardResult.ts = src\LearnMS.React\src\generated\model\getLectureDashboardResult.ts
		src\LearnMS.React\src\generated\model\lectureItemType.ts = src\LearnMS.React\src\generated\model\lectureItemType.ts
		src\LearnMS.React\src\generated\model\singleCreditCodeItem.ts = src\LearnMS.React\src\generated\model\singleCreditCodeItem.ts
		src\LearnMS.React\src\generated\model\courseItemType.ts = src\LearnMS.React\src\generated\model\courseItemType.ts
		src\LearnMS.React\src\generated\model\singleStudentExamPageList.ts = src\LearnMS.React\src\generated\model\singleStudentExamPageList.ts
		src\LearnMS.React\src\generated\model\examSubmission.ts = src\LearnMS.React\src\generated\model\examSubmission.ts
		src\LearnMS.React\src\generated\model\createStudentRequest.ts = src\LearnMS.React\src\generated\model\createStudentRequest.ts
		src\LearnMS.React\src\generated\model\creditCode.ts = src\LearnMS.React\src\generated\model\creditCode.ts
		src\LearnMS.React\src\generated\model\examEnrollment.ts = src\LearnMS.React\src\generated\model\examEnrollment.ts
		src\LearnMS.React\src\generated\model\generateCreditCodesRequest.ts = src\LearnMS.React\src\generated\model\generateCreditCodesRequest.ts
		src\LearnMS.React\src\generated\model\multipleChoiceSubmissionType.ts = src\LearnMS.React\src\generated\model\multipleChoiceSubmissionType.ts
		src\LearnMS.React\src\generated\model\getStudentLectureResponse.ts = src\LearnMS.React\src\generated\model\getStudentLectureResponse.ts
		src\LearnMS.React\src\generated\model\multipleChoiceSubmission.ts = src\LearnMS.React\src\generated\model\multipleChoiceSubmission.ts
		src\LearnMS.React\src\generated\model\examNotAnswered.ts = src\LearnMS.React\src\generated\model\examNotAnswered.ts
		src\LearnMS.React\src\generated\model\studentLevel.ts = src\LearnMS.React\src\generated\model\studentLevel.ts
		src\LearnMS.React\src\generated\model\examNotAnsweredType.ts = src\LearnMS.React\src\generated\model\examNotAnsweredType.ts
		src\LearnMS.React\src\generated\model\updateQuizResponse.ts = src\LearnMS.React\src\generated\model\updateQuizResponse.ts
		src\LearnMS.React\src\generated\model\createAssistantRequest.ts = src\LearnMS.React\src\generated\model\createAssistantRequest.ts
		src\LearnMS.React\src\generated\model\getAssistantIncomeResponseSuccess.ts = src\LearnMS.React\src\generated\model\getAssistantIncomeResponseSuccess.ts
		src\LearnMS.React\src\generated\model\singleExamStudent.ts = src\LearnMS.React\src\generated\model\singleExamStudent.ts
		src\LearnMS.React\src\generated\model\createCourseResponse.ts = src\LearnMS.React\src\generated\model\createCourseResponse.ts
		src\LearnMS.React\src\generated\model\jsonDocument.ts = src\LearnMS.React\src\generated\model\jsonDocument.ts
		src\LearnMS.React\src\generated\model\resultType.ts = src\LearnMS.React\src\generated\model\resultType.ts
		src\LearnMS.React\src\generated\model\lessonAttendance.ts = src\LearnMS.React\src\generated\model\lessonAttendance.ts
		src\LearnMS.React\src\generated\model\getAssistantProfileResult.ts = src\LearnMS.React\src\generated\model\getAssistantProfileResult.ts
		src\LearnMS.React\src\generated\model\submitExamRequest.ts = src\LearnMS.React\src\generated\model\submitExamRequest.ts
		src\LearnMS.React\src\generated\model\getApiCoursesCourseIdLecturesLectureIdStudentsParams.ts = src\LearnMS.React\src\generated\model\getApiCoursesCourseIdLecturesLectureIdStudentsParams.ts
		src\LearnMS.React\src\generated\model\quizHiddenType.ts = src\LearnMS.React\src\generated\model\quizHiddenType.ts
		src\LearnMS.React\src\generated\api.ts = src\LearnMS.React\src\generated\api.ts
		src\LearnMS.React\src\hooks\useDownloadFile.ts = src\LearnMS.React\src\hooks\useDownloadFile.ts
		src\LearnMS.React\src\App.tsx = src\LearnMS.React\src\App.tsx
		src\LearnMS.React\src\store\use-questions-store.ts = src\LearnMS.React\src\store\use-questions-store.ts
		src\LearnMS.React\src\store\use-assets-store.ts = src\LearnMS.React\src\store\use-assets-store.ts
		src\LearnMS.React\src\store\use-modal-store.ts = src\LearnMS.React\src\store\use-modal-store.ts
		src\LearnMS.React\src\pages\dashboard\credit-codes\credit-code-page.tsx = src\LearnMS.React\src\pages\dashboard\credit-codes\credit-code-page.tsx
		src\LearnMS.React\src\pages\dashboard\credit-codes\columns.tsx = src\LearnMS.React\src\pages\dashboard\credit-codes\columns.tsx
		src\LearnMS.React\src\pages\dashboard\questions\columns.tsx = src\LearnMS.React\src\pages\dashboard\questions\columns.tsx
		src\LearnMS.React\src\pages\dashboard\questions\select-questions-modal.tsx = src\LearnMS.React\src\pages\dashboard\questions\select-questions-modal.tsx
		src\LearnMS.React\src\pages\dashboard\questions\questions-page.tsx = src\LearnMS.React\src\pages\dashboard\questions\questions-page.tsx
		src\LearnMS.React\src\pages\dashboard\questions\add-value-question-modal.tsx = src\LearnMS.React\src\pages\dashboard\questions\add-value-question-modal.tsx
		src\LearnMS.React\src\pages\dashboard\questions\add-multiple-question-modal.tsx = src\LearnMS.React\src\pages\dashboard\questions\add-multiple-question-modal.tsx
		src\LearnMS.React\src\pages\dashboard\questions\questions-list.tsx = src\LearnMS.React\src\pages\dashboard\questions\questions-list.tsx
		src\LearnMS.React\src\pages\dashboard\assistants\add-assistant-modal.tsx = src\LearnMS.React\src\pages\dashboard\assistants\add-assistant-modal.tsx
		src\LearnMS.React\src\pages\dashboard\assistants\assistant-details-page.tsx = src\LearnMS.React\src\pages\dashboard\assistants\assistant-details-page.tsx
		src\LearnMS.React\src\pages\dashboard\assistants\columns.tsx = src\LearnMS.React\src\pages\dashboard\assistants\columns.tsx
		src\LearnMS.React\src\pages\dashboard\assistants\data-table.tsx = src\LearnMS.React\src\pages\dashboard\assistants\data-table.tsx
		src\LearnMS.React\src\pages\dashboard\assistants\assistants-page.tsx = src\LearnMS.React\src\pages\dashboard\assistants\assistants-page.tsx
		src\LearnMS.React\src\pages\dashboard\students\students-page.tsx = src\LearnMS.React\src\pages\dashboard\students\students-page.tsx
		src\LearnMS.React\src\pages\dashboard\students\student-details-page.tsx = src\LearnMS.React\src\pages\dashboard\students\student-details-page.tsx
		src\LearnMS.React\src\pages\dashboard\students\columns.tsx = src\LearnMS.React\src\pages\dashboard\students\columns.tsx
		src\LearnMS.React\src\pages\dashboard\students\add-credit-modal.tsx = src\LearnMS.React\src\pages\dashboard\students\add-credit-modal.tsx
		src\LearnMS.React\src\pages\dashboard\students\add-student-modal.tsx = src\LearnMS.React\src\pages\dashboard\students\add-student-modal.tsx
		src\LearnMS.React\src\pages\dashboard\exams\exam-page.tsx = src\LearnMS.React\src\pages\dashboard\exams\exam-page.tsx
		src\LearnMS.React\src\pages\dashboard\exams\columns.tsx = src\LearnMS.React\src\pages\dashboard\exams\columns.tsx
		src\LearnMS.React\src\pages\dashboard\exams\exam-students-page.tsx = src\LearnMS.React\src\pages\dashboard\exams\exam-students-page.tsx
		src\LearnMS.React\src\pages\dashboard\files\files-page.tsx = src\LearnMS.React\src\pages\dashboard\files\files-page.tsx
		src\LearnMS.React\src\pages\dashboard\files\columns.tsx = src\LearnMS.React\src\pages\dashboard\files\columns.tsx
		src\LearnMS.React\src\pages\dashboard\files\assets-list.tsx = src\LearnMS.React\src\pages\dashboard\files\assets-list.tsx
		src\LearnMS.React\src\pages\dashboard\files\select-assets-modal.tsx = src\LearnMS.React\src\pages\dashboard\files\select-assets-modal.tsx
		src\LearnMS.React\src\pages\dashboard\courses\add-course-page.tsx = src\LearnMS.React\src\pages\dashboard\courses\add-course-page.tsx
		src\LearnMS.React\src\pages\dashboard\courses\columns.tsx = src\LearnMS.React\src\pages\dashboard\courses\columns.tsx
		src\LearnMS.React\src\pages\dashboard\courses\dashboard-course-page.tsx = src\LearnMS.React\src\pages\dashboard\courses\dashboard-course-page.tsx
		src\LearnMS.React\src\pages\dashboard\courses\courses-page.tsx = src\LearnMS.React\src\pages\dashboard\courses\courses-page.tsx
		src\LearnMS.React\src\pages\dashboard\quizzes\quiz-page.tsx = src\LearnMS.React\src\pages\dashboard\quizzes\quiz-page.tsx
		src\LearnMS.React\src\pages\dashboard\lectures\lecture-students-columns.tsx = src\LearnMS.React\src\pages\dashboard\lectures\lecture-students-columns.tsx
		src\LearnMS.React\src\pages\dashboard\lectures\lecture-details-page.tsx = src\LearnMS.React\src\pages\dashboard\lectures\lecture-details-page.tsx
		src\LearnMS.React\src\pages\dashboard\lessons\lesson-details-page.tsx = src\LearnMS.React\src\pages\dashboard\lessons\lesson-details-page.tsx
		src\LearnMS.React\src\pages\shared\loading-page.tsx = src\LearnMS.React\src\pages\shared\loading-page.tsx
		src\LearnMS.React\src\pages\shared\permission-denied-page.tsx = src\LearnMS.React\src\pages\shared\permission-denied-page.tsx
		src\LearnMS.React\src\pages\TestComponent.tsx = src\LearnMS.React\src\pages\TestComponent.tsx
		src\LearnMS.React\src\pages\auth\password-reset-page.tsx = src\LearnMS.React\src\pages\auth\password-reset-page.tsx
		src\LearnMS.React\src\pages\auth\forgot-password-modal.tsx = src\LearnMS.React\src\pages\auth\forgot-password-modal.tsx
		src\LearnMS.React\src\pages\auth\auth.scss = src\LearnMS.React\src\pages\auth\auth.scss
		src\LearnMS.React\src\pages\auth\sign-in-sign-up-page.tsx = src\LearnMS.React\src\pages\auth\sign-in-sign-up-page.tsx
		src\LearnMS.React\src\pages\auth\images\b1.jpg = src\LearnMS.React\src\pages\auth\images\b1.jpg
		src\LearnMS.React\src\pages\student\exams\exam-submission-form.tsx = src\LearnMS.React\src\pages\student\exams\exam-submission-form.tsx
		src\LearnMS.React\src\pages\student\exams\student-exam-page.tsx = src\LearnMS.React\src\pages\student\exams\student-exam-page.tsx
		src\LearnMS.React\src\pages\student\exams\submitted-exam.tsx = src\LearnMS.React\src\pages\student\exams\submitted-exam.tsx
		src\LearnMS.React\src\pages\student\home\student-home.page.tsx = src\LearnMS.React\src\pages\student\home\student-home.page.tsx
		src\LearnMS.React\src\pages\student\payment\student-payments.tsx = src\LearnMS.React\src\pages\student\payment\student-payments.tsx
		src\LearnMS.React\src\pages\student\payment\payment-background.tsx = src\LearnMS.React\src\pages\student\payment\payment-background.tsx
		src\LearnMS.React\src\pages\student\payment\payment-background.css = src\LearnMS.React\src\pages\student\payment\payment-background.css
		src\LearnMS.React\src\pages\student\courses\courses-background.css = src\LearnMS.React\src\pages\student\courses\courses-background.css
		src\LearnMS.React\src\pages\student\courses\student-course-page.tsx = src\LearnMS.React\src\pages\student\courses\student-course-page.tsx
		src\LearnMS.React\src\pages\student\courses\courses-background.tsx = src\LearnMS.React\src\pages\student\courses\courses-background.tsx
		src\LearnMS.React\src\pages\student\courses\student-courses-page.tsx = src\LearnMS.React\src\pages\student\courses\student-courses-page.tsx
		src\LearnMS.React\src\pages\student\quizzes\submitted-quiz.tsx = src\LearnMS.React\src\pages\student\quizzes\submitted-quiz.tsx
		src\LearnMS.React\src\pages\student\quizzes\quiz-submission-form.tsx = src\LearnMS.React\src\pages\student\quizzes\quiz-submission-form.tsx
		src\LearnMS.React\src\pages\student\quizzes\student-quiz-page.tsx = src\LearnMS.React\src\pages\student\quizzes\student-quiz-page.tsx
		src\LearnMS.React\src\pages\student\lectures\student-lecture-page.tsx = src\LearnMS.React\src\pages\student\lectures\student-lecture-page.tsx
		src\LearnMS.React\src\pages\student\lectures\lecture-assets-modal.tsx = src\LearnMS.React\src\pages\student\lectures\lecture-assets-modal.tsx
		src\LearnMS.React\src\pages\student\lessons\student-lesson-page.tsx = src\LearnMS.React\src\pages\student\lessons\student-lesson-page.tsx
		src\LearnMS.React\src\pages\student\profile\profile-modal.tsx = src\LearnMS.React\src\pages\student\profile\profile-modal.tsx
	EndProjectSection
EndProject
Project("{FAE04EC0-301F-11D3-BF4B-00C04F79EFBC}") = "LearnMS.API", "src\LearnMS.API\LearnMS.API.csproj", "{80967418-B010-4136-8DE1-FFC3791EEA36}"
EndProject
Global
	GlobalSection(SolutionConfigurationPlatforms) = preSolution
		Debug|Any CPU = Debug|Any CPU
		Release|Any CPU = Release|Any CPU
	EndGlobalSection
	GlobalSection(SolutionProperties) = preSolution
		HideSolutionNode = FALSE
	EndGlobalSection
	GlobalSection(ProjectConfigurationPlatforms) = postSolution
		{80967418-B010-4136-8DE1-FFC3791EEA36}.Debug|Any CPU.ActiveCfg = Debug|Any CPU
		{80967418-B010-4136-8DE1-FFC3791EEA36}.Debug|Any CPU.Build.0 = Debug|Any CPU
		{80967418-B010-4136-8DE1-FFC3791EEA36}.Release|Any CPU.ActiveCfg = Release|Any CPU
		{80967418-B010-4136-8DE1-FFC3791EEA36}.Release|Any CPU.Build.0 = Release|Any CPU
	EndGlobalSection
	GlobalSection(NestedProjects) = preSolution
		{80967418-B010-4136-8DE1-FFC3791EEA36} = {3EA6BD19-E0D5-4477-9FEB-E2219455FC68}
	EndGlobalSection
EndGlobal
