
Microsoft Visual Studio Solution File, Format Version 12.00
# Visual Studio Version 17
VisualStudioVersion = 17.5.002.0
MinimumVisualStudioVersion = 10.0.40219.1
Project("{9A19103F-16F7-4668-BE54-9A1E7A4F7556}") = "LearnMS.API", "LearnMS.API.csproj", "{4E3CEDD0-71AB-43C2-B6FD-1D38561FD31F}"
EndProject
Global
	GlobalSection(SolutionConfigurationPlatforms) = preSolution
		Debug|Any CPU = Debug|Any CPU
		Release|Any CPU = Release|Any CPU
	EndGlobalSection
	GlobalSection(ProjectConfigurationPlatforms) = postSolution
		{4E3CEDD0-71AB-43C2-B6FD-1D38561FD31F}.Debug|Any CPU.ActiveCfg = Debug|Any CPU
		{4E3CEDD0-71AB-43C2-B6FD-1D38561FD31F}.Debug|Any CPU.Build.0 = Debug|Any CPU
		{4E3CEDD0-71AB-43C2-B6FD-1D38561FD31F}.Release|Any CPU.ActiveCfg = Release|Any CPU
		{4E3CEDD0-71AB-43C2-B6FD-1D38561FD31F}.Release|Any CPU.Build.0 = Release|Any CPU
	EndGlobalSection
	GlobalSection(SolutionProperties) = preSolution
		HideSolutionNode = FALSE
	EndGlobalSection
	GlobalSection(ExtensibilityGlobals) = postSolution
		SolutionGuid = {7B9502D7-213C-4E30-A851-B9087C9777B2}
	EndGlobalSection
EndGlobal
